
Microsoft Visual Studio Solution File, Format Version 12.00
# Visual Studio Version 16
VisualStudioVersion = 16.0.31402.337
MinimumVisualStudioVersion = 10.0.40219.1
Project("{9A19103F-16F7-4668-BE54-9A1E7A4F7556}") = "FileDrop", "FileDrop\FileDrop.csproj", "{DB4090D0-04D8-42B7-9E30-E8357FE627AE}"
EndProject
Project("{9A19103F-16F7-4668-BE54-9A1E7A4F7556}") = "FileDrop.BL", "FileDrop.BL\FileDrop.BL.csproj", "{81B179D9-CA43-481F-872A-CCFC17FE40AE}"
EndProject
Project("{9A19103F-16F7-4668-BE54-9A1E7A4F7556}") = "FileDrop.DAL", "FileDrop.DAL\FileDrop.DAL.csproj", "{8BF39810-B505-4AB1-8B43-0D4821EB5FD3}"
EndProject
Project("{9A19103F-16F7-4668-BE54-9A1E7A4F7556}") = "FileDrop.TL", "FileDrop.TL\FileDrop.TL.csproj", "{386B13AF-D478-4984-8109-8497CA75579B}"
EndProject
Project("{FAE04EC0-301F-11D3-BF4B-00C04F79EFBC}") = "FileDrop.Services", "FileDrop.Services\FileDrop.Services.csproj", "{626B462F-51EB-44AA-A5A1-59BD4B775695}"
EndProject
Global
	GlobalSection(SolutionConfigurationPlatforms) = preSolution
		Debug|Any CPU = Debug|Any CPU
		Release|Any CPU = Release|Any CPU
	EndGlobalSection
	GlobalSection(ProjectConfigurationPlatforms) = postSolution
		{DB4090D0-04D8-42B7-9E30-E8357FE627AE}.Debug|Any CPU.ActiveCfg = Debug|Any CPU
		{DB4090D0-04D8-42B7-9E30-E8357FE627AE}.Debug|Any CPU.Build.0 = Debug|Any CPU
		{DB4090D0-04D8-42B7-9E30-E8357FE627AE}.Release|Any CPU.ActiveCfg = Release|Any CPU
		{DB4090D0-04D8-42B7-9E30-E8357FE627AE}.Release|Any CPU.Build.0 = Release|Any CPU
		{81B179D9-CA43-481F-872A-CCFC17FE40AE}.Debug|Any CPU.ActiveCfg = Debug|Any CPU
		{81B179D9-CA43-481F-872A-CCFC17FE40AE}.Debug|Any CPU.Build.0 = Debug|Any CPU
		{81B179D9-CA43-481F-872A-CCFC17FE40AE}.Release|Any CPU.ActiveCfg = Release|Any CPU
		{81B179D9-CA43-481F-872A-CCFC17FE40AE}.Release|Any CPU.Build.0 = Release|Any CPU
		{8BF39810-B505-4AB1-8B43-0D4821EB5FD3}.Debug|Any CPU.ActiveCfg = Debug|Any CPU
		{8BF39810-B505-4AB1-8B43-0D4821EB5FD3}.Debug|Any CPU.Build.0 = Debug|Any CPU
		{8BF39810-B505-4AB1-8B43-0D4821EB5FD3}.Release|Any CPU.ActiveCfg = Release|Any CPU
		{8BF39810-B505-4AB1-8B43-0D4821EB5FD3}.Release|Any CPU.Build.0 = Release|Any CPU
		{386B13AF-D478-4984-8109-8497CA75579B}.Debug|Any CPU.ActiveCfg = Debug|Any CPU
		{386B13AF-D478-4984-8109-8497CA75579B}.Debug|Any CPU.Build.0 = Debug|Any CPU
		{386B13AF-D478-4984-8109-8497CA75579B}.Release|Any CPU.ActiveCfg = Release|Any CPU
		{386B13AF-D478-4984-8109-8497CA75579B}.Release|Any CPU.Build.0 = Release|Any CPU
		{626B462F-51EB-44AA-A5A1-59BD4B775695}.Debug|Any CPU.ActiveCfg = Debug|Any CPU
		{626B462F-51EB-44AA-A5A1-59BD4B775695}.Debug|Any CPU.Build.0 = Debug|Any CPU
		{626B462F-51EB-44AA-A5A1-59BD4B775695}.Release|Any CPU.ActiveCfg = Release|Any CPU
		{626B462F-51EB-44AA-A5A1-59BD4B775695}.Release|Any CPU.Build.0 = Release|Any CPU
	EndGlobalSection
	GlobalSection(SolutionProperties) = preSolution
		HideSolutionNode = FALSE
	EndGlobalSection
	GlobalSection(ExtensibilityGlobals) = postSolution
		SolutionGuid = {A25CDB5D-156F-4373-AE8B-3918E7133E31}
	EndGlobalSection
EndGlobal
